
Microsoft Visual Studio Solution File, Format Version 12.00
# Visual Studio 15
VisualStudioVersion = 15.0.28010.2050
MinimumVisualStudioVersion = 10.0.40219.1
Project("{9A19103F-16F7-4668-BE54-9A1E7A4F7556}") = "ExchangeRateService", "ExchangeRateService\ExchangeRateService.csproj", "{0937928D-F73A-455A-B752-87539E23BE57}"
EndProject
Project("{FAE04EC0-301F-11D3-BF4B-00C04F79EFBC}") = "ExchangeRateDownloader", "ExchangeRateDownloader\ExchangeRateDownloader.csproj", "{47D298AF-9B88-4632-95D9-7BBF489BC03D}"
EndProject
Project("{FAE04EC0-301F-11D3-BF4B-00C04F79EFBC}") = "Domain.Interfaces", "Domain.Interfaces\Domain.Interfaces.csproj", "{9D07FE2E-07DE-4ED2-81AC-FABB6D304B96}"
EndProject
Project("{FAE04EC0-301F-11D3-BF4B-00C04F79EFBC}") = "Domain.Entities", "Domain.Entities\Domain.Entities.csproj", "{3A3E6538-04B0-48C4-9F69-6119EE085CFB}"
EndProject
Project("{FAE04EC0-301F-11D3-BF4B-00C04F79EFBC}") = "Services", "Services\Services.csproj", "{4398742D-9F13-4CEF-AC46-6F2F2710C311}"
EndProject
Project("{FAE04EC0-301F-11D3-BF4B-00C04F79EFBC}") = "Services.Interfaces", "Services.Interfaces\Services.Interfaces.csproj", "{5C75B660-9F88-41DA-AC77-01C684441075}"
EndProject
Project("{FAE04EC0-301F-11D3-BF4B-00C04F79EFBC}") = "UnitTests", "UnitTests\UnitTests.csproj", "{70BD8C7A-00BA-47A9-B75C-E006A59349CB}"
EndProject
Project("{FAE04EC0-301F-11D3-BF4B-00C04F79EFBC}") = "IntegrationTests", "IntegrationTests\IntegrationTests.csproj", "{D9216E49-CB1B-4E1B-874A-1ECD3EF83134}"
EndProject
Global
	GlobalSection(SolutionConfigurationPlatforms) = preSolution
		Debug|Any CPU = Debug|Any CPU
		Release|Any CPU = Release|Any CPU
	EndGlobalSection
	GlobalSection(ProjectConfigurationPlatforms) = postSolution
		{0937928D-F73A-455A-B752-87539E23BE57}.Debug|Any CPU.ActiveCfg = Debug|Any CPU
		{0937928D-F73A-455A-B752-87539E23BE57}.Debug|Any CPU.Build.0 = Debug|Any CPU
		{0937928D-F73A-455A-B752-87539E23BE57}.Release|Any CPU.ActiveCfg = Release|Any CPU
		{0937928D-F73A-455A-B752-87539E23BE57}.Release|Any CPU.Build.0 = Release|Any CPU
		{47D298AF-9B88-4632-95D9-7BBF489BC03D}.Debug|Any CPU.ActiveCfg = Debug|Any CPU
		{47D298AF-9B88-4632-95D9-7BBF489BC03D}.Debug|Any CPU.Build.0 = Debug|Any CPU
		{47D298AF-9B88-4632-95D9-7BBF489BC03D}.Release|Any CPU.ActiveCfg = Release|Any CPU
		{47D298AF-9B88-4632-95D9-7BBF489BC03D}.Release|Any CPU.Build.0 = Release|Any CPU
		{9D07FE2E-07DE-4ED2-81AC-FABB6D304B96}.Debug|Any CPU.ActiveCfg = Debug|Any CPU
		{9D07FE2E-07DE-4ED2-81AC-FABB6D304B96}.Debug|Any CPU.Build.0 = Debug|Any CPU
		{9D07FE2E-07DE-4ED2-81AC-FABB6D304B96}.Release|Any CPU.ActiveCfg = Release|Any CPU
		{9D07FE2E-07DE-4ED2-81AC-FABB6D304B96}.Release|Any CPU.Build.0 = Release|Any CPU
		{3A3E6538-04B0-48C4-9F69-6119EE085CFB}.Debug|Any CPU.ActiveCfg = Debug|Any CPU
		{3A3E6538-04B0-48C4-9F69-6119EE085CFB}.Debug|Any CPU.Build.0 = Debug|Any CPU
		{3A3E6538-04B0-48C4-9F69-6119EE085CFB}.Release|Any CPU.ActiveCfg = Release|Any CPU
		{3A3E6538-04B0-48C4-9F69-6119EE085CFB}.Release|Any CPU.Build.0 = Release|Any CPU
		{4398742D-9F13-4CEF-AC46-6F2F2710C311}.Debug|Any CPU.ActiveCfg = Debug|Any CPU
		{4398742D-9F13-4CEF-AC46-6F2F2710C311}.Debug|Any CPU.Build.0 = Debug|Any CPU
		{4398742D-9F13-4CEF-AC46-6F2F2710C311}.Release|Any CPU.ActiveCfg = Release|Any CPU
		{4398742D-9F13-4CEF-AC46-6F2F2710C311}.Release|Any CPU.Build.0 = Release|Any CPU
		{5C75B660-9F88-41DA-AC77-01C684441075}.Debug|Any CPU.ActiveCfg = Debug|Any CPU
		{5C75B660-9F88-41DA-AC77-01C684441075}.Debug|Any CPU.Build.0 = Debug|Any CPU
		{5C75B660-9F88-41DA-AC77-01C684441075}.Release|Any CPU.ActiveCfg = Release|Any CPU
		{5C75B660-9F88-41DA-AC77-01C684441075}.Release|Any CPU.Build.0 = Release|Any CPU
		{70BD8C7A-00BA-47A9-B75C-E006A59349CB}.Debug|Any CPU.ActiveCfg = Debug|Any CPU
		{70BD8C7A-00BA-47A9-B75C-E006A59349CB}.Debug|Any CPU.Build.0 = Debug|Any CPU
		{70BD8C7A-00BA-47A9-B75C-E006A59349CB}.Release|Any CPU.ActiveCfg = Release|Any CPU
		{70BD8C7A-00BA-47A9-B75C-E006A59349CB}.Release|Any CPU.Build.0 = Release|Any CPU
		{D9216E49-CB1B-4E1B-874A-1ECD3EF83134}.Debug|Any CPU.ActiveCfg = Debug|Any CPU
		{D9216E49-CB1B-4E1B-874A-1ECD3EF83134}.Debug|Any CPU.Build.0 = Debug|Any CPU
		{D9216E49-CB1B-4E1B-874A-1ECD3EF83134}.Release|Any CPU.ActiveCfg = Release|Any CPU
		{D9216E49-CB1B-4E1B-874A-1ECD3EF83134}.Release|Any CPU.Build.0 = Release|Any CPU
	EndGlobalSection
	GlobalSection(SolutionProperties) = preSolution
		HideSolutionNode = FALSE
	EndGlobalSection
	GlobalSection(ExtensibilityGlobals) = postSolution
		SolutionGuid = {EB3F8BAA-9EC0-481A-B56E-4D2E4E4EBCE9}
	EndGlobalSection
EndGlobal
